lockfileVersion: '9.0'

settings:
  autoInstallPeers: true
  excludeLinksFromLockfile: false

importers:

  .:
    dependencies:
      commander:
        specifier: ^12.1.0
        version: 12.1.0
      inquirer:
        specifier: ^12.1.0
        version: 12.5.2
      typescript:
        specifier: ^5.8.3
        version: 5.8.3

packages:

  '@inquirer/checkbox@4.1.5':
    resolution: {integrity: sha512-swPczVU+at65xa5uPfNP9u3qx/alNwiaykiI/ExpsmMSQW55trmZcwhYWzw/7fj+n6Q8z1eENvR7vFfq9oPSAQ==}
    engines: {node: '>=18'}
    peerDependencies:
      '@types/node': '>=18'
    peerDependenciesMeta:
      '@types/node':
        optional: true

  '@inquirer/confirm@5.1.9':
    resolution: {integrity: sha512-NgQCnHqFTjF7Ys2fsqK2WtnA8X1kHyInyG+nMIuHowVTIgIuS10T4AznI/PvbqSpJqjCUqNBlKGh1v3bwLFL4w==}
    engines: {node: '>=18'}
    peerDependencies:
      '@types/node': '>=18'
    peerDependenciesMeta:
      '@types/node':
        optional: true

  '@inquirer/core@10.1.10':
    resolution: {integrity: sha512-roDaKeY1PYY0aCqhRmXihrHjoSW2A00pV3Ke5fTpMCkzcGF64R8e0lw3dK+eLEHwS4vB5RnW1wuQmvzoRul8Mw==}
    engines: {node: '>=18'}
    peerDependencies:
      '@types/node': '>=18'
    peerDependenciesMeta:
      '@types/node':
        optional: true

  '@inquirer/editor@4.2.10':
    resolution: {integrity: sha512-5GVWJ+qeI6BzR6TIInLP9SXhWCEcvgFQYmcRG6d6RIlhFjM5TyG18paTGBgRYyEouvCmzeco47x9zX9tQEofkw==}
    engines: {node: '>=18'}
    peerDependencies:
      '@types/node': '>=18'
    peerDependenciesMeta:
      '@types/node':
        optional: true

  '@inquirer/expand@4.0.12':
    resolution: {integrity: sha512-jV8QoZE1fC0vPe6TnsOfig+qwu7Iza1pkXoUJ3SroRagrt2hxiL+RbM432YAihNR7m7XnU0HWl/WQ35RIGmXHw==}
    engines: {node: '>=18'}
    peerDependencies:
      '@types/node': '>=18'
    peerDependenciesMeta:
      '@types/node':
        optional: true

  '@inquirer/figures@1.0.11':
    resolution: {integrity: sha512-eOg92lvrn/aRUqbxRyvpEWnrvRuTYRifixHkYVpJiygTgVSBIHDqLh0SrMQXkafvULg3ck11V7xvR+zcgvpHFw==}
    engines: {node: '>=18'}

  '@inquirer/input@4.1.9':
    resolution: {integrity: sha512-mshNG24Ij5KqsQtOZMgj5TwEjIf+F2HOESk6bjMwGWgcH5UBe8UoljwzNFHqdMbGYbgAf6v2wU/X9CAdKJzgOA==}
    engines: {node: '>=18'}
    peerDependencies:
      '@types/node': '>=18'
    peerDependenciesMeta:
      '@types/node':
        optional: true

  '@inquirer/number@3.0.12':
    resolution: {integrity: sha512-7HRFHxbPCA4e4jMxTQglHJwP+v/kpFsCf2szzfBHy98Wlc3L08HL76UDiA87TOdX5fwj2HMOLWqRWv9Pnn+Z5Q==}
    engines: {node: '>=18'}
    peerDependencies:
      '@types/node': '>=18'
    peerDependenciesMeta:
      '@types/node':
        optional: true

  '@inquirer/password@4.0.12':
    resolution: {integrity: sha512-FlOB0zvuELPEbnBYiPaOdJIaDzb2PmJ7ghi/SVwIHDDSQ2K4opGBkF+5kXOg6ucrtSUQdLhVVY5tycH0j0l+0g==}
    engines: {node: '>=18'}
    peerDependencies:
      '@types/node': '>=18'
    peerDependenciesMeta:
      '@types/node':
        optional: true

  '@inquirer/prompts@7.4.1':
    resolution: {integrity: sha512-UlmM5FVOZF0gpoe1PT/jN4vk8JmpIWBlMvTL8M+hlvPmzN89K6z03+IFmyeu/oFCenwdwHDr2gky7nIGSEVvlA==}
    engines: {node: '>=18'}
    peerDependencies:
      '@types/node': '>=18'
    peerDependenciesMeta:
      '@types/node':
        optional: true

  '@inquirer/rawlist@4.0.12':
    resolution: {integrity: sha512-wNPJZy8Oc7RyGISPxp9/MpTOqX8lr0r+lCCWm7hQra+MDtYRgINv1hxw7R+vKP71Bu/3LszabxOodfV/uTfsaA==}
    engines: {node: '>=18'}
    peerDependencies:
      '@types/node': '>=18'
    peerDependenciesMeta:
      '@types/node':
        optional: true

  '@inquirer/search@3.0.12':
    resolution: {integrity: sha512-H/kDJA3kNlnNIjB8YsaXoQI0Qccgf0Na14K1h8ExWhNmUg2E941dyFPrZeugihEa9AZNW5NdsD/NcvUME83OPQ==}
    engines: {node: '>=18'}
    peerDependencies:
      '@types/node': '>=18'
    peerDependenciesMeta:
      '@types/node':
        optional: true

  '@inquirer/select@4.1.1':
    resolution: {integrity: sha512-IUXzzTKVdiVNMA+2yUvPxWsSgOG4kfX93jOM4Zb5FgujeInotv5SPIJVeXQ+fO4xu7tW8VowFhdG5JRmmCyQ1Q==}
    engines: {node: '>=18'}
    peerDependencies:
      '@types/node': '>=18'
    peerDependenciesMeta:
      '@types/node':
        optional: true

  '@inquirer/type@3.0.6':
    resolution: {integrity: sha512-/mKVCtVpyBu3IDarv0G+59KC4stsD5mDsGpYh+GKs1NZT88Jh52+cuoA1AtLk2Q0r/quNl+1cSUyLRHBFeD0XA==}
    engines: {node: '>=18'}
    peerDependencies:
      '@types/node': '>=18'
    peerDependenciesMeta:
      '@types/node':
        optional: true

  ansi-escapes@4.3.2:
    resolution: {integrity: sha512-gKXj5ALrKWQLsYG9jlTRmR/xKluxHV+Z9QEwNIgCfM1/uwPMCuzVVnh5mwTd+OuBZcwSIMbqssNWRm1lE51QaQ==}
    engines: {node: '>=8'}

  ansi-regex@5.0.1:
    resolution: {integrity: sha512-quJQXlTSUGL2LH9SUXo8VwsY4soanhgo6LNSm84E1LBcE8s3O0wpdiRzyR9z/ZZJMlMWv37qOOb9pdJlMUEKFQ==}
    engines: {node: '>=8'}

  ansi-styles@4.3.0:
    resolution: {integrity: sha512-zbB9rCJAT1rbjiVDb2hqKFHNYLxgtk8NURxZ3IZwD3F6NtxbXZQCnnSi1Lkx+IDohdPlFp222wVALIheZJQSEg==}
    engines: {node: '>=8'}

  chardet@0.7.0:
    resolution: {integrity: sha512-mT8iDcrh03qDGRRmoA2hmBJnxpllMR+0/0qlzjqZES6NdiWDcZkCNAk4rPFZ9Q85r27unkiNNg8ZOiwZXBHwcA==}

  cli-width@4.1.0:
    resolution: {integrity: sha512-ouuZd4/dm2Sw5Gmqy6bGyNNNe1qt9RpmxveLSO7KcgsTnU7RXfsw+/bukWGo1abgBiMAic068rclZsO4IWmmxQ==}
    engines: {node: '>= 12'}

  color-convert@2.0.1:
    resolution: {integrity: sha512-RRECPsj7iu/xb5oKYcsFHSppFNnsj/52OVTRKb4zP5onXwVF3zVmmToNcOfGC+CRDpfK/U584fMg38ZHCaElKQ==}
    engines: {node: '>=7.0.0'}

  color-name@1.1.4:
    resolution: {integrity: sha512-dOy+3AuW3a2wNbZHIuMZpTcgjGuLU/uBL/ubcZF9OXbDo8ff4O8yVp5Bf0efS8uEoYo5q4Fx7dY9OgQGXgAsQA==}

  commander@12.1.0:
    resolution: {integrity: sha512-Vw8qHK3bZM9y/P10u3Vib8o/DdkvA2OtPtZvD871QKjy74Wj1WSKFILMPRPSdUSx5RFK1arlJzEtA4PkFgnbuA==}
    engines: {node: '>=18'}

  emoji-regex@8.0.0:
    resolution: {integrity: sha512-MSjYzcWNOA0ewAHpz0MxpYFvwg6yjy1NG3xteoqz644VCo/RPgnr1/GGt+ic3iJTzQ8Eu3TdM14SawnVUmGE6A==}

  external-editor@3.1.0:
    resolution: {integrity: sha512-hMQ4CX1p1izmuLYyZqLMO/qGNw10wSv9QDCPfzXfyFrOaCSSoRfqE1Kf1s5an66J5JZC62NewG+mK49jOCtQew==}
    engines: {node: '>=4'}

  iconv-lite@0.4.24:
    resolution: {integrity: sha512-v3MXnZAcvnywkTUEZomIActle7RXXeedOR31wwl7VlyoXO4Qi9arvSenNQWne1TcRwhCL1HwLI21bEqdpj8/rA==}
    engines: {node: '>=0.10.0'}

  inquirer@12.5.2:
    resolution: {integrity: sha512-qoDk/vdSTIaXNXAoNnlg7ubexpJfUo7t8GT2vylxvE49BrLhToFuPPdMViidG2boHV7+AcP1TCkJs/+PPoF2QQ==}
    engines: {node: '>=18'}
    peerDependencies:
      '@types/node': '>=18'
    peerDependenciesMeta:
      '@types/node':
        optional: true

  is-fullwidth-code-point@3.0.0:
    resolution: {integrity: sha512-zymm5+u+sCsSWyD9qNaejV3DFvhCKclKdizYaJUuHA83RLjb7nSuGnddCHGv0hk+KY7BMAlsWeK4Ueg6EV6XQg==}
    engines: {node: '>=8'}

  mute-stream@2.0.0:
    resolution: {integrity: sha512-WWdIxpyjEn+FhQJQQv9aQAYlHoNVdzIzUySNV1gHUPDSdZJ3yZn7pAAbQcV7B56Mvu881q9FZV+0Vx2xC44VWA==}
    engines: {node: ^18.17.0 || >=20.5.0}

  os-tmpdir@1.0.2:
    resolution: {integrity: sha512-D2FR03Vir7FIu45XBY20mTb+/ZSWB00sjU9jdQXt83gDrI4Ztz5Fs7/yy74g2N5SVQY4xY1qDr4rNddwYRVX0g==}
    engines: {node: '>=0.10.0'}

  run-async@3.0.0:
    resolution: {integrity: sha512-540WwVDOMxA6dN6We19EcT9sc3hkXPw5mzRNGM3FkdN/vtE9NFvj5lFAPNwUDmJjXidm3v7TC1cTE7t17Ulm1Q==}
    engines: {node: '>=0.12.0'}

  rxjs@7.8.2:
    resolution: {integrity: sha512-dhKf903U/PQZY6boNNtAGdWbG85WAbjT/1xYoZIC7FAY0yWapOBQVsVrDl58W86//e1VpMNBtRV4MaXfdMySFA==}

  safer-buffer@2.1.2:
    resolution: {integrity: sha512-YZo3K82SD7Riyi0E1EQPojLz7kpepnSQI9IyPbHHg1XXXevb5dJI7tpyN2ADxGcQbHG7vcyRHk0cbwqcQriUtg==}

  signal-exit@4.1.0:
    resolution: {integrity: sha512-bzyZ1e88w9O1iNJbKnOlvYTrWPDl46O1bG0D3XInv+9tkPrxrN8jUUTiFlDkkmKWgn1M6CfIA13SuGqOa9Korw==}
    engines: {node: '>=14'}

  string-width@4.2.3:
    resolution: {integrity: sha512-wKyQRQpjJ0sIp62ErSZdGsjMJWsap5oRNihHhu6G7JVO/9jIB6UyevL+tXuOqrng8j/cxKTWyWUwvSTriiZz/g==}
    engines: {node: '>=8'}

  strip-ansi@6.0.1:
    resolution: {integrity: sha512-Y38VPSHcqkFrCpFnQ9vuSXmquuv5oXOKpGeT6aGrr3o3Gc9AlVa6JBfUSOCnbxGGZF+/0ooI7KrPuUSztUdU5A==}
    engines: {node: '>=8'}

  tmp@0.0.33:
    resolution: {integrity: sha512-jRCJlojKnZ3addtTOjdIqoRuPEKBvNXcGYqzO6zWZX8KfKEpnGY5jfggJQ3EjKuu8D4bJRr0y+cYJFmYbImXGw==}
    engines: {node: '>=0.6.0'}

  tslib@2.8.1:
    resolution: {integrity: sha512-oJFu94HQb+KVduSUQL7wnpmqnfmLsOA/nAh6b6EH0wCEoK0/mPeXU6c3wKDV83MkOuHPRHtSXKKU99IBazS/2w==}

  type-fest@0.21.3:
    resolution: {integrity: sha512-t0rzBq87m3fVcduHDUFhKmyyX+9eo6WQjZvf51Ea/M0Q7+T374Jp1aUiyUl0GKxp8M/OETVHSDvmkyPgvX+X2w==}
    engines: {node: '>=10'}

  typescript@5.8.3:
    resolution: {integrity: sha512-p1diW6TqL9L07nNxvRMM7hMMw4c5XOo/1ibL4aAIGmSAt9slTE1Xgw5KWuof2uTOvCg9BY7ZRi+GaF+7sfgPeQ==}
    engines: {node: '>=14.17'}
    hasBin: true

  wrap-ansi@6.2.0:
    resolution: {integrity: sha512-r6lPcBGxZXlIcymEu7InxDMhdW0KDxpLgoFLcguasxCaJ/SOIZwINatK9KY/tf+ZrlywOKU0UDj3ATXUBfxJXA==}
    engines: {node: '>=8'}

  yoctocolors-cjs@2.1.2:
    resolution: {integrity: sha512-cYVsTjKl8b+FrnidjibDWskAv7UKOfcwaVZdp/it9n1s9fU3IkgDbhdIRKCW4JDsAlECJY0ytoVPT3sK6kideA==}
    engines: {node: '>=18'}

snapshots:

  '@inquirer/checkbox@4.1.5':
    dependencies:
      '@inquirer/core': 10.1.10
      '@inquirer/figures': 1.0.11
      '@inquirer/type': 3.0.6
      ansi-escapes: 4.3.2
      yoctocolors-cjs: 2.1.2

  '@inquirer/confirm@5.1.9':
    dependencies:
      '@inquirer/core': 10.1.10
      '@inquirer/type': 3.0.6

  '@inquirer/core@10.1.10':
    dependencies:
      '@inquirer/figures': 1.0.11
      '@inquirer/type': 3.0.6
      ansi-escapes: 4.3.2
      cli-width: 4.1.0
      mute-stream: 2.0.0
      signal-exit: 4.1.0
      wrap-ansi: 6.2.0
      yoctocolors-cjs: 2.1.2

  '@inquirer/editor@4.2.10':
    dependencies:
      '@inquirer/core': 10.1.10
      '@inquirer/type': 3.0.6
      external-editor: 3.1.0

  '@inquirer/expand@4.0.12':
    dependencies:
      '@inquirer/core': 10.1.10
      '@inquirer/type': 3.0.6
      yoctocolors-cjs: 2.1.2

  '@inquirer/figures@1.0.11': {}

  '@inquirer/input@4.1.9':
    dependencies:
      '@inquirer/core': 10.1.10
      '@inquirer/type': 3.0.6

  '@inquirer/number@3.0.12':
    dependencies:
      '@inquirer/core': 10.1.10
      '@inquirer/type': 3.0.6

  '@inquirer/password@4.0.12':
    dependencies:
      '@inquirer/core': 10.1.10
      '@inquirer/type': 3.0.6
      ansi-escapes: 4.3.2

  '@inquirer/prompts@7.4.1':
    dependencies:
      '@inquirer/checkbox': 4.1.5
      '@inquirer/confirm': 5.1.9
      '@inquirer/editor': 4.2.10
      '@inquirer/expand': 4.0.12
      '@inquirer/input': 4.1.9
      '@inquirer/number': 3.0.12
      '@inquirer/password': 4.0.12
      '@inquirer/rawlist': 4.0.12
      '@inquirer/search': 3.0.12
      '@inquirer/select': 4.1.1

  '@inquirer/rawlist@4.0.12':
    dependencies:
      '@inquirer/core': 10.1.10
      '@inquirer/type': 3.0.6
      yoctocolors-cjs: 2.1.2

  '@inquirer/search@3.0.12':
    dependencies:
      '@inquirer/core': 10.1.10
      '@inquirer/figures': 1.0.11
      '@inquirer/type': 3.0.6
      yoctocolors-cjs: 2.1.2

  '@inquirer/select@4.1.1':
    dependencies:
      '@inquirer/core': 10.1.10
      '@inquirer/figures': 1.0.11
      '@inquirer/type': 3.0.6
      ansi-escapes: 4.3.2
      yoctocolors-cjs: 2.1.2

  '@inquirer/type@3.0.6': {}

  ansi-escapes@4.3.2:
    dependencies:
      type-fest: 0.21.3

  ansi-regex@5.0.1: {}

  ansi-styles@4.3.0:
    dependencies:
      color-convert: 2.0.1

  chardet@0.7.0: {}

  cli-width@4.1.0: {}

  color-convert@2.0.1:
    dependencies:
      color-name: 1.1.4

  color-name@1.1.4: {}

  commander@12.1.0: {}

  emoji-regex@8.0.0: {}

  external-editor@3.1.0:
    dependencies:
      chardet: 0.7.0
      iconv-lite: 0.4.24
      tmp: 0.0.33

  iconv-lite@0.4.24:
    dependencies:
      safer-buffer: 2.1.2

  inquirer@12.5.2:
    dependencies:
      '@inquirer/core': 10.1.10
      '@inquirer/prompts': 7.4.1
      '@inquirer/type': 3.0.6
      ansi-escapes: 4.3.2
      mute-stream: 2.0.0
      run-async: 3.0.0
      rxjs: 7.8.2

  is-fullwidth-code-point@3.0.0: {}

  mute-stream@2.0.0: {}

  os-tmpdir@1.0.2: {}

  run-async@3.0.0: {}

  rxjs@7.8.2:
    dependencies:
      tslib: 2.8.1

  safer-buffer@2.1.2: {}

  signal-exit@4.1.0: {}

  string-width@4.2.3:
    dependencies:
      emoji-regex: 8.0.0
      is-fullwidth-code-point: 3.0.0
      strip-ansi: 6.0.1

  strip-ansi@6.0.1:
    dependencies:
      ansi-regex: 5.0.1

  tmp@0.0.33:
    dependencies:
      os-tmpdir: 1.0.2

  tslib@2.8.1: {}

  type-fest@0.21.3: {}

  typescript@5.8.3: {}

  wrap-ansi@6.2.0:
    dependencies:
      ansi-styles: 4.3.0
      string-width: 4.2.3
      strip-ansi: 6.0.1

  yoctocolors-cjs@2.1.2: {}
